
Microsoft Visual Studio Solution File, Format Version 12.00
# Visual Studio Version 17
VisualStudioVersion = 17.5.33516.290
MinimumVisualStudioVersion = 10.0.40219.1
Project("{FAE04EC0-301F-11D3-BF4B-00C04F79EFBC}") = "BookStore", "BookStore\BookStore.csproj", "{5355D202-4FA1-4C73-8429-FC2194F35404}"
EndProject
Global
	GlobalSection(SolutionConfigurationPlatforms) = preSolution
		Debug|Any CPU = Debug|Any CPU
		Release|Any CPU = Release|Any CPU
	EndGlobalSection
	GlobalSection(ProjectConfigurationPlatforms) = postSolution
		{5355D202-4FA1-4C73-8429-FC2194F35404}.Debug|Any CPU.ActiveCfg = Debug|Any CPU
		{5355D202-4FA1-4C73-8429-FC2194F35404}.Debug|Any CPU.Build.0 = Debug|Any CPU
		{5355D202-4FA1-4C73-8429-FC2194F35404}.Release|Any CPU.ActiveCfg = Release|Any CPU
		{5355D202-4FA1-4C73-8429-FC2194F35404}.Release|Any CPU.Build.0 = Release|Any CPU
	EndGlobalSection
	GlobalSection(SolutionProperties) = preSolution
		HideSolutionNode = FALSE
	EndGlobalSection
	GlobalSection(ExtensibilityGlobals) = postSolution
		SolutionGuid = {2ECD177C-7E54-49C5-97D9-676C76B08D35}
	EndGlobalSection
EndGlobal
